
Microsoft Visual Studio Solution File, Format Version 12.00
# Visual Studio Version 17
VisualStudioVersion = 17.6.33829.357
MinimumVisualStudioVersion = 10.0.40219.1
Project("{9A19103F-16F7-4668-BE54-9A1E7A4F7556}") = "OdemeFormu", "OdemeFormu\OdemeFormu.csproj", "{A65CF5F3-F007-4DAF-A9D2-C2166C33264D}"
EndProject
Project("{2150E333-8FDC-42A3-9474-1A3956D46DE8}") = "1. Hafta", "1. Hafta", "{19DC7B28-00A8-4A8D-B8AD-1B0B8F0411E0}"
EndProject
Project("{9A19103F-16F7-4668-BE54-9A1E7A4F7556}") = "OOP", "OOP\OOP.csproj", "{38DCEEA2-7CB7-4379-931F-D1B6AFAB19A7}"
EndProject
Project("{2150E333-8FDC-42A3-9474-1A3956D46DE8}") = "2. Hafta", "2. Hafta", "{2B9B7AD7-5560-402F-A07F-D37926307121}"
EndProject
Project("{9A19103F-16F7-4668-BE54-9A1E7A4F7556}") = "AttributeOrnek", "AttributeOrnek\AttributeOrnek.csproj", "{37938D46-EFCC-4485-BF59-74601DB7E578}"
EndProject
Project("{9A19103F-16F7-4668-BE54-9A1E7A4F7556}") = "ArabaKayitFormu", "ArabaKayitFormu\ArabaKayitFormu.csproj", "{DC2CBF58-E8B9-4AE7-8C4E-9663059D3546}"
EndProject
Project("{9A19103F-16F7-4668-BE54-9A1E7A4F7556}") = "CodeFirst", "CodeFirst\CodeFirst.csproj", "{0E52717F-2D6D-4429-B0D1-D59082AA74A3}"
EndProject
Project("{9A19103F-16F7-4668-BE54-9A1E7A4F7556}") = "BtkAkademiMVC", "BtkAkademiMVC\BtkAkademiMVC.csproj", "{729455C1-BC21-4AB9-9499-D1649D0C097A}"
EndProject
Global
	GlobalSection(SolutionConfigurationPlatforms) = preSolution
		Debug|Any CPU = Debug|Any CPU
		Release|Any CPU = Release|Any CPU
	EndGlobalSection
	GlobalSection(ProjectConfigurationPlatforms) = postSolution
		{A65CF5F3-F007-4DAF-A9D2-C2166C33264D}.Debug|Any CPU.ActiveCfg = Debug|Any CPU
		{A65CF5F3-F007-4DAF-A9D2-C2166C33264D}.Debug|Any CPU.Build.0 = Debug|Any CPU
		{A65CF5F3-F007-4DAF-A9D2-C2166C33264D}.Release|Any CPU.ActiveCfg = Release|Any CPU
		{A65CF5F3-F007-4DAF-A9D2-C2166C33264D}.Release|Any CPU.Build.0 = Release|Any CPU
		{38DCEEA2-7CB7-4379-931F-D1B6AFAB19A7}.Debug|Any CPU.ActiveCfg = Debug|Any CPU
		{38DCEEA2-7CB7-4379-931F-D1B6AFAB19A7}.Debug|Any CPU.Build.0 = Debug|Any CPU
		{38DCEEA2-7CB7-4379-931F-D1B6AFAB19A7}.Release|Any CPU.ActiveCfg = Release|Any CPU
		{38DCEEA2-7CB7-4379-931F-D1B6AFAB19A7}.Release|Any CPU.Build.0 = Release|Any CPU
		{37938D46-EFCC-4485-BF59-74601DB7E578}.Debug|Any CPU.ActiveCfg = Debug|Any CPU
		{37938D46-EFCC-4485-BF59-74601DB7E578}.Debug|Any CPU.Build.0 = Debug|Any CPU
		{37938D46-EFCC-4485-BF59-74601DB7E578}.Release|Any CPU.ActiveCfg = Release|Any CPU
		{37938D46-EFCC-4485-BF59-74601DB7E578}.Release|Any CPU.Build.0 = Release|Any CPU
		{DC2CBF58-E8B9-4AE7-8C4E-9663059D3546}.Debug|Any CPU.ActiveCfg = Debug|Any CPU
		{DC2CBF58-E8B9-4AE7-8C4E-9663059D3546}.Debug|Any CPU.Build.0 = Debug|Any CPU
		{DC2CBF58-E8B9-4AE7-8C4E-9663059D3546}.Release|Any CPU.ActiveCfg = Release|Any CPU
		{DC2CBF58-E8B9-4AE7-8C4E-9663059D3546}.Release|Any CPU.Build.0 = Release|Any CPU
		{0E52717F-2D6D-4429-B0D1-D59082AA74A3}.Debug|Any CPU.ActiveCfg = Debug|Any CPU
		{0E52717F-2D6D-4429-B0D1-D59082AA74A3}.Debug|Any CPU.Build.0 = Debug|Any CPU
		{0E52717F-2D6D-4429-B0D1-D59082AA74A3}.Release|Any CPU.ActiveCfg = Release|Any CPU
		{0E52717F-2D6D-4429-B0D1-D59082AA74A3}.Release|Any CPU.Build.0 = Release|Any CPU
		{729455C1-BC21-4AB9-9499-D1649D0C097A}.Debug|Any CPU.ActiveCfg = Debug|Any CPU
		{729455C1-BC21-4AB9-9499-D1649D0C097A}.Debug|Any CPU.Build.0 = Debug|Any CPU
		{729455C1-BC21-4AB9-9499-D1649D0C097A}.Release|Any CPU.ActiveCfg = Release|Any CPU
		{729455C1-BC21-4AB9-9499-D1649D0C097A}.Release|Any CPU.Build.0 = Release|Any CPU
	EndGlobalSection
	GlobalSection(SolutionProperties) = preSolution
		HideSolutionNode = FALSE
	EndGlobalSection
	GlobalSection(NestedProjects) = preSolution
		{A65CF5F3-F007-4DAF-A9D2-C2166C33264D} = {19DC7B28-00A8-4A8D-B8AD-1B0B8F0411E0}
		{38DCEEA2-7CB7-4379-931F-D1B6AFAB19A7} = {2B9B7AD7-5560-402F-A07F-D37926307121}
		{37938D46-EFCC-4485-BF59-74601DB7E578} = {2B9B7AD7-5560-402F-A07F-D37926307121}
		{DC2CBF58-E8B9-4AE7-8C4E-9663059D3546} = {2B9B7AD7-5560-402F-A07F-D37926307121}
		{0E52717F-2D6D-4429-B0D1-D59082AA74A3} = {2B9B7AD7-5560-402F-A07F-D37926307121}
		{729455C1-BC21-4AB9-9499-D1649D0C097A} = {2B9B7AD7-5560-402F-A07F-D37926307121}
	EndGlobalSection
	GlobalSection(ExtensibilityGlobals) = postSolution
		SolutionGuid = {233C4089-E326-42F5-8BF8-EE02B6A1C6B8}
	EndGlobalSection
EndGlobal
